PODS:
  - Flutter (1.0.0)
  - integration_test (0.0.1):
    - Flutter
  - rook_sdk_apple_health (0.0.1):
    - Flutter
    - RookSDK (= 4.0.0-beta.8)
    - SwiftProtobuf (= 1.28.2)
  - RookSDK (4.0.0-beta.8)
  - SwiftProtobuf (1.28.2)

DEPENDENCIES:
  - Flutter (from `Flutter`)
  - integration_test (from `.symlinks/plugins/integration_test/ios`)
  - rook_sdk_apple_health (from `.symlinks/plugins/rook_sdk_apple_health/ios`)
  - RookSDK (from `https://github.com/RookeriesDevelopment/rook-ios-sdk-rook-sdk-pod.git`, tag `4.0.0-beta.8`)

SPEC REPOS:
  trunk:
    - SwiftProtobuf

EXTERNAL SOURCES:
  Flutter:
    :path: Flutter
  integration_test:
    :path: ".symlinks/plugins/integration_test/ios"
  rook_sdk_apple_health:
    :path: ".symlinks/plugins/rook_sdk_apple_health/ios"
  RookSDK:
    :git: https://github.com/RookeriesDevelopment/rook-ios-sdk-rook-sdk-pod.git
    :tag: 4.0.0-beta.8

CHECKOUT OPTIONS:
  RookSDK:
    :git: https://github.com/RookeriesDevelopment/rook-ios-sdk-rook-sdk-pod.git
    :tag: 4.0.0-beta.8

SPEC CHECKSUMS:
  Flutter: cabc95a1d2626b1b06e7179b784ebcf0c0cde467
  integration_test: 252f60fa39af5e17c3aa9899d35d908a0721b573
  rook_sdk_apple_health: f12f928bc079004ef8bb6225bd6ed63871838f1f
  RookSDK: e1fa8f68732d4c69d2e5444009a31e12f7c1e5cb
  SwiftProtobuf: 4dbaffec76a39a8dc5da23b40af1a5dc01a4c02d

PODFILE CHECKSUM: da7a2dee36d318cc3a0b8e28a3fdc08aae1a85ed

COCOAPODS: 1.16.2
