PODS:
  - Flutter (1.0.0)
  - integration_test (0.0.1):
    - Flutter
  - rook_sdk_apple_health (0.0.1):
    - Flutter
    - RookSDK (= 1.7.0)
    - SwiftProtobuf (= 1.28.2)
  - RookSDK (1.7.0)
  - SwiftProtobuf (1.28.2)

DEPENDENCIES:
  - Flutter (from `Flutter`)
  - integration_test (from `.symlinks/plugins/integration_test/ios`)
  - rook_sdk_apple_health (from `.symlinks/plugins/rook_sdk_apple_health/ios`)
  - RookSDK (from `https://github.com/RookeriesDevelopment/rook-ios-sdk-rook-sdk-pod.git`, branch `feature/new_release_1.7.0`)

SPEC REPOS:
  trunk:
    - SwiftProtobuf

EXTERNAL SOURCES:
  Flutter:
    :path: Flutter
  integration_test:
    :path: ".symlinks/plugins/integration_test/ios"
  rook_sdk_apple_health:
    :path: ".symlinks/plugins/rook_sdk_apple_health/ios"
  RookSDK:
    :branch: feature/new_release_1.7.0
    :git: https://github.com/RookeriesDevelopment/rook-ios-sdk-rook-sdk-pod.git

CHECKOUT OPTIONS:
  RookSDK:
    :commit: bcc4e6a0bcd742c3f1b7f9797af9c23093cb9393
    :git: https://github.com/RookeriesDevelopment/rook-ios-sdk-rook-sdk-pod.git

SPEC CHECKSUMS:
  Flutter: e0871f40cf51350855a761d2e70bf5af5b9b5de7
  integration_test: 252f60fa39af5e17c3aa9899d35d908a0721b573
  rook_sdk_apple_health: a6059177d17536917a422c7e4d3c6f11d4511a3b
  RookSDK: 3400b9bfea06363cabc714485adf85ffb574d8af
  SwiftProtobuf: 4dbaffec76a39a8dc5da23b40af1a5dc01a4c02d

PODFILE CHECKSUM: db85788457b51813092f0a395f952c34941ea96a

COCOAPODS: 1.14.3
