PODS:
  - Flutter (1.0.0)
  - integration_test (0.0.1):
    - Flutter
  - rook_sdk_apple_health (0.0.1):
    - Flutter
    - RookSDK (= 1.7.0-beta.2)
    - SwiftProtobuf (= 1.28.2)
  - RookSDK (1.7.0-beta.2)
  - SwiftProtobuf (1.28.2)

DEPENDENCIES:
  - Flutter (from `Flutter`)
  - integration_test (from `.symlinks/plugins/integration_test/ios`)
  - rook_sdk_apple_health (from `.symlinks/plugins/rook_sdk_apple_health/ios`)

SPEC REPOS:
  trunk:
    - RookSDK
    - SwiftProtobuf

EXTERNAL SOURCES:
  Flutter:
    :path: Flutter
  integration_test:
    :path: ".symlinks/plugins/integration_test/ios"
  rook_sdk_apple_health:
    :path: ".symlinks/plugins/rook_sdk_apple_health/ios"

SPEC CHECKSUMS:
  Flutter: e0871f40cf51350855a761d2e70bf5af5b9b5de7
  integration_test: 252f60fa39af5e17c3aa9899d35d908a0721b573
  rook_sdk_apple_health: 1c26beb77389738636b611a13aff892db6e9fd00
  RookSDK: 951e9776174035ec5a4e5b035bf45ea6a72f20d8
  SwiftProtobuf: 4dbaffec76a39a8dc5da23b40af1a5dc01a4c02d

PODFILE CHECKSUM: 26885315ab971dcfca5c3f7273ed74a8975f75ac

COCOAPODS: 1.14.3
